// !$*UTF8*$!
{
	archiveVersion = 1;
	classes = {
	};
	objectVersion = 46;
	objects = {

/* Begin PBXBuildFile section */
		6FEFD0BC1B2C197000A9809E /* main.m in Sources */ = {isa = PBXBuildFile; fileRef = 6FEFD0BB1B2C197000A9809E /* main.m */; };
		6FEFD0BF1B2C197000A9809E /* AppDelegate.m in Sources */ = {isa = PBXBuildFile; fileRef = 6FEFD0BE1B2C197000A9809E /* AppDelegate.m */; };
		6FEFD0C21B2C197000A9809E /* ViewController.m in Sources */ = {isa = PBXBuildFile; fileRef = 6FEFD0C11B2C197000A9809E /* ViewController.m */; };
		6FEFD0C51B2C197000A9809E /* Main.storyboard in Resources */ = {isa = PBXBuildFile; fileRef = 6FEFD0C31B2C197000A9809E /* Main.storyboard */; };
		6FEFD0C81B2C197000A9809E /* Minsk_Transport.xcdatamodeld in Sources */ = {isa = PBXBuildFile; fileRef = 6FEFD0C61B2C197000A9809E /* Minsk_Transport.xcdatamodeld */; };
		6FEFD0CA1B2C197000A9809E /* Assets.xcassets in Resources */ = {isa = PBXBuildFile; fileRef = 6FEFD0C91B2C197000A9809E /* Assets.xcassets */; };
		6FEFD0CD1B2C197000A9809E /* LaunchScreen.storyboard in Resources */ = {isa = PBXBuildFile; fileRef = 6FEFD0CB1B2C197000A9809E /* LaunchScreen.storyboard */; };
		6FEFD0D81B2C197000A9809E /* Minsk_TransportTests.m in Sources */ = {isa = PBXBuildFile; fileRef = 6FEFD0D71B2C197000A9809E /* Minsk_TransportTests.m */; };
		6FEFD0E31B2C197000A9809E /* Minsk_TransportUITests.m in Sources */ = {isa = PBXBuildFile; fileRef = 6FEFD0E21B2C197000A9809E /* Minsk_TransportUITests.m */; };
		6FEFD0F31B2C1AE500A9809E /* ControlPanel.m in Sources */ = {isa = PBXBuildFile; fileRef = 6FEFD0F11B2C1AE500A9809E /* ControlPanel.m */; };
		6FEFD0F41B2C1AE500A9809E /* ControlPanel.xib in Resources */ = {isa = PBXBuildFile; fileRef = 6FEFD0F21B2C1AE500A9809E /* ControlPanel.xib */; };
		6FEFD0F71B2C1D0A00A9809E /* AudioToolbox.framework in Frameworks */ = {isa = PBXBuildFile; fileRef = 6FEFD0F61B2C1D0A00A9809E /* AudioToolbox.framework */; };
		6FEFD0F91B2C1D1100A9809E /* CFNetwork.framework in Frameworks */ = {isa = PBXBuildFile; fileRef = 6FEFD0F81B2C1D1100A9809E /* CFNetwork.framework */; };
		6FEFD0FB1B2C1D1500A9809E /* CoreGraphics.framework in Frameworks */ = {isa = PBXBuildFile; fileRef = 6FEFD0FA1B2C1D1500A9809E /* CoreGraphics.framework */; };
		6FEFD0FD1B2C1D1900A9809E /* CoreLocation.framework in Frameworks */ = {isa = PBXBuildFile; fileRef = 6FEFD0FC1B2C1D1900A9809E /* CoreLocation.framework */; };
		6FEFD0FF1B2C1D1F00A9809E /* MobileCoreServices.framework in Frameworks */ = {isa = PBXBuildFile; fileRef = 6FEFD0FE1B2C1D1F00A9809E /* MobileCoreServices.framework */; };
		6FEFD1011B2C1D2200A9809E /* QuartzCore.framework in Frameworks */ = {isa = PBXBuildFile; fileRef = 6FEFD1001B2C1D2200A9809E /* QuartzCore.framework */; };
		6FEFD1031B2C1D2B00A9809E /* Security.framework in Frameworks */ = {isa = PBXBuildFile; fileRef = 6FEFD1021B2C1D2B00A9809E /* Security.framework */; };
		6FEFD1051B2C1D3000A9809E /* StoreKit.framework in Frameworks */ = {isa = PBXBuildFile; fileRef = 6FEFD1041B2C1D3000A9809E /* StoreKit.framework */; };
		6FEFD1071B2C1D3800A9809E /* SystemConfiguration.framework in Frameworks */ = {isa = PBXBuildFile; fileRef = 6FEFD1061B2C1D3800A9809E /* SystemConfiguration.framework */; };
		6FEFD10A1B2C1D9000A9809E /* Bolts.framework in Frameworks */ = {isa = PBXBuildFile; fileRef = 6FEFD1081B2C1D9000A9809E /* Bolts.framework */; };
		6FEFD10B1B2C1D9000A9809E /* Parse.framework in Frameworks */ = {isa = PBXBuildFile; fileRef = 6FEFD1091B2C1D9000A9809E /* Parse.framework */; };
/* End PBXBuildFile section */

/* Begin PBXContainerItemProxy section */
		6FEFD0D41B2C197000A9809E /* PBXContainerItemProxy */ = {
			isa = PBXContainerItemProxy;
			containerPortal = 6FEFD0AF1B2C197000A9809E /* Project object */;
			proxyType = 1;
			remoteGlobalIDString = 6FEFD0B61B2C197000A9809E;
			remoteInfo = "Minsk Transport";
		};
		6FEFD0DF1B2C197000A9809E /* PBXContainerItemProxy */ = {
			isa = PBXContainerItemProxy;
			containerPortal = 6FEFD0AF1B2C197000A9809E /* Project object */;
			proxyType = 1;
			remoteGlobalIDString = 6FEFD0B61B2C197000A9809E;
			remoteInfo = "Minsk Transport";
		};
/* End PBXContainerItemProxy section */

/* Begin PBXFileReference section */
		6FEFD0B71B2C197000A9809E /* Minsk Transport.app */ = {isa = PBXFileReference; explicitFileType = wrapper.application; includeInIndex = 0; path = "Minsk Transport.app"; sourceTree = BUILT_PRODUCTS_DIR; };
		6FEFD0BB1B2C197000A9809E /* main.m */ = {isa = PBXFileReference; lastKnownFileType = sourcecode.c.objc; path = main.m; sourceTree = "<group>"; };
		6FEFD0BD1B2C197000A9809E /* AppDelegate.h */ = {isa = PBXFileReference; lastKnownFileType = sourcecode.c.h; path = AppDelegate.h; sourceTree = "<group>"; };
		6FEFD0BE1B2C197000A9809E /* AppDelegate.m */ = {isa = PBXFileReference; lastKnownFileType = sourcecode.c.objc; path = AppDelegate.m; sourceTree = "<group>"; };
		6FEFD0C01B2C197000A9809E /* ViewController.h */ = {isa = PBXFileReference; lastKnownFileType = sourcecode.c.h; path = ViewController.h; sourceTree = "<group>"; };
		6FEFD0C11B2C197000A9809E /* ViewController.m */ = {isa = PBXFileReference; lastKnownFileType = sourcecode.c.objc; path = ViewController.m; sourceTree = "<group>"; };
		6FEFD0C41B2C197000A9809E /* Base */ = {isa = PBXFileReference; lastKnownFileType = file.storyboard; name = Base; path = Base.lproj/Main.storyboard; sourceTree = "<group>"; };
		6FEFD0C71B2C197000A9809E /* Minsk_Transport.xcdatamodel */ = {isa = PBXFileReference; lastKnownFileType = wrapper.xcdatamodel; path = Minsk_Transport.xcdatamodel; sourceTree = "<group>"; };
		6FEFD0C91B2C197000A9809E /* Assets.xcassets */ = {isa = PBXFileReference; lastKnownFileType = folder.assetcatalog; path = Assets.xcassets; sourceTree = "<group>"; };
		6FEFD0CC1B2C197000A9809E /* Base */ = {isa = PBXFileReference; lastKnownFileType = file.storyboard; name = Base; path = Base.lproj/LaunchScreen.storyboard; sourceTree = "<group>"; };
		6FEFD0CE1B2C197000A9809E /* Info.plist */ = {isa = PBXFileReference; lastKnownFileType = text.plist.xml; path = Info.plist; sourceTree = "<group>"; };
		6FEFD0D31B2C197000A9809E /* Minsk TransportTests.xctest */ = {isa = PBXFileReference; explicitFileType = wrapper.cfbundle; includeInIndex = 0; path = "Minsk TransportTests.xctest"; sourceTree = BUILT_PRODUCTS_DIR; };
		6FEFD0D71B2C197000A9809E /* Minsk_TransportTests.m */ = {isa = PBXFileReference; lastKnownFileType = sourcecode.c.objc; path = Minsk_TransportTests.m; sourceTree = "<group>"; };
		6FEFD0D91B2C197000A9809E /* Info.plist */ = {isa = PBXFileReference; lastKnownFileType = text.plist.xml; path = Info.plist; sourceTree = "<group>"; };
		6FEFD0DE1B2C197000A9809E /* Minsk TransportUITests.xctest */ = {isa = PBXFileReference; explicitFileType = wrapper.cfbundle; includeInIndex = 0; path = "Minsk TransportUITests.xctest"; sourceTree = BUILT_PRODUCTS_DIR; };
		6FEFD0E21B2C197000A9809E /* Minsk_TransportUITests.m */ = {isa = PBXFileReference; lastKnownFileType = sourcecode.c.objc; path = Minsk_TransportUITests.m; sourceTree = "<group>"; };
		6FEFD0E41B2C197000A9809E /* Info.plist */ = {isa = PBXFileReference; lastKnownFileType = text.plist.xml; path = Info.plist; sourceTree = "<group>"; };
		6FEFD0F01B2C1AE500A9809E /* ControlPanel.h */ = {isa = PBXFileReference; fileEncoding = 4; lastKnownFileType = sourcecode.c.h; path = ControlPanel.h; sourceTree = "<group>"; };
		6FEFD0F11B2C1AE500A9809E /* ControlPanel.m */ = {isa = PBXFileReference; fileEncoding = 4; lastKnownFileType = sourcecode.c.objc; path = ControlPanel.m; sourceTree = "<group>"; };
		6FEFD0F21B2C1AE500A9809E /* ControlPanel.xib */ = {isa = PBXFileReference; fileEncoding = 4; lastKnownFileType = file.xib; path = ControlPanel.xib; sourceTree = "<group>"; };
		6FEFD0F61B2C1D0A00A9809E /* AudioToolbox.framework */ = {isa = PBXFileReference; lastKnownFileType = wrapper.framework; name = AudioToolbox.framework; path = System/Library/Frameworks/AudioToolbox.framework; sourceTree = SDKROOT; };
		6FEFD0F81B2C1D1100A9809E /* CFNetwork.framework */ = {isa = PBXFileReference; lastKnownFileType = wrapper.framework; name = CFNetwork.framework; path = System/Library/Frameworks/CFNetwork.framework; sourceTree = SDKROOT; };
		6FEFD0FA1B2C1D1500A9809E /* CoreGraphics.framework */ = {isa = PBXFileReference; lastKnownFileType = wrapper.framework; name = CoreGraphics.framework; path = System/Library/Frameworks/CoreGraphics.framework; sourceTree = SDKROOT; };
		6FEFD0FC1B2C1D1900A9809E /* CoreLocation.framework */ = {isa = PBXFileReference; lastKnownFileType = wrapper.framework; name = CoreLocation.framework; path = System/Library/Frameworks/CoreLocation.framework; sourceTree = SDKROOT; };
		6FEFD0FE1B2C1D1F00A9809E /* MobileCoreServices.framework */ = {isa = PBXFileReference; lastKnownFileType = wrapper.framework; name = MobileCoreServices.framework; path = System/Library/Frameworks/MobileCoreServices.framework; sourceTree = SDKROOT; };
		6FEFD1001B2C1D2200A9809E /* QuartzCore.framework */ = {isa = PBXFileReference; lastKnownFileType = wrapper.framework; name = QuartzCore.framework; path = System/Library/Frameworks/QuartzCore.framework; sourceTree = SDKROOT; };
		6FEFD1021B2C1D2B00A9809E /* Security.framework */ = {isa = PBXFileReference; lastKnownFileType = wrapper.framework; name = Security.framework; path = System/Library/Frameworks/Security.framework; sourceTree = SDKROOT; };
		6FEFD1041B2C1D3000A9809E /* StoreKit.framework */ = {isa = PBXFileReference; lastKnownFileType = wrapper.framework; name = StoreKit.framework; path = System/Library/Frameworks/StoreKit.framework; sourceTree = SDKROOT; };
		6FEFD1061B2C1D3800A9809E /* SystemConfiguration.framework */ = {isa = PBXFileReference; lastKnownFileType = wrapper.framework; name = SystemConfiguration.framework; path = System/Library/Frameworks/SystemConfiguration.framework; sourceTree = SDKROOT; };
		6FEFD1081B2C1D9000A9809E /* Bolts.framework */ = {isa = PBXFileReference; lastKnownFileType = wrapper.framework; name = Bolts.framework; path = Parse/Bolts.framework; sourceTree = SOURCE_ROOT; };
		6FEFD1091B2C1D9000A9809E /* Parse.framework */ = {isa = PBXFileReference; lastKnownFileType = wrapper.framework; name = Parse.framework; path = Parse/Parse.framework; sourceTree = SOURCE_ROOT; };
/* End PBXFileReference section */

/* Begin PBXFrameworksBuildPhase section */
		6FEFD0B41B2C197000A9809E /* Frameworks */ = {
			isa = PBXFrameworksBuildPhase;
			buildActionMask = 2147483647;
			files = (
				6FEFD1071B2C1D3800A9809E /* SystemConfiguration.framework in Frameworks */,
				6FEFD1051B2C1D3000A9809E /* StoreKit.framework in Frameworks */,
				6FEFD1031B2C1D2B00A9809E /* Security.framework in Frameworks */,
				6FEFD1011B2C1D2200A9809E /* QuartzCore.framework in Frameworks */,
				6FEFD0FF1B2C1D1F00A9809E /* MobileCoreServices.framework in Frameworks */,
				6FEFD10A1B2C1D9000A9809E /* Bolts.framework in Frameworks */,
				6FEFD10B1B2C1D9000A9809E /* Parse.framework in Frameworks */,
				6FEFD0FD1B2C1D1900A9809E /* CoreLocation.framework in Frameworks */,
				6FEFD0FB1B2C1D1500A9809E /* CoreGraphics.framework in Frameworks */,
				6FEFD0F91B2C1D1100A9809E /* CFNetwork.framework in Frameworks */,
				6FEFD0F71B2C1D0A00A9809E /* AudioToolbox.framework in Frameworks */,
			);
			runOnlyForDeploymentPostprocessing = 0;
		};
		6FEFD0D01B2C197000A9809E /* Frameworks */ = {
			isa = PBXFrameworksBuildPhase;
			buildActionMask = 2147483647;
			files = (
			);
			runOnlyForDeploymentPostprocessing = 0;
		};
		6FEFD0DB1B2C197000A9809E /* Frameworks */ = {
			isa = PBXFrameworksBuildPhase;
			buildActionMask = 2147483647;
			files = (
			);
			runOnlyForDeploymentPostprocessing = 0;
		};
/* End PBXFrameworksBuildPhase section */

/* Begin PBXGroup section */
		6FEFD0AE1B2C197000A9809E = {
			isa = PBXGroup;
			children = (
				6FEFD0B91B2C197000A9809E /* Minsk Transport */,
				6FEFD0D61B2C197000A9809E /* Minsk TransportTests */,
				6FEFD0E11B2C197000A9809E /* Minsk TransportUITests */,
				6FEFD0F51B2C1CD400A9809E /* Frameworks */,
				6FEFD0B81B2C197000A9809E /* Products */,
			);
			sourceTree = "<group>";
		};
		6FEFD0B81B2C197000A9809E /* Products */ = {
			isa = PBXGroup;
			children = (
				6FEFD0B71B2C197000A9809E /* Minsk Transport.app */,
				6FEFD0D31B2C197000A9809E /* Minsk TransportTests.xctest */,
				6FEFD0DE1B2C197000A9809E /* Minsk TransportUITests.xctest */,
			);
			name = Products;
			sourceTree = "<group>";
		};
		6FEFD0B91B2C197000A9809E /* Minsk Transport */ = {
			isa = PBXGroup;
			children = (
				6FEFD0BD1B2C197000A9809E /* AppDelegate.h */,
				6FEFD0BE1B2C197000A9809E /* AppDelegate.m */,
				6FEFD0C01B2C197000A9809E /* ViewController.h */,
				6FEFD0C11B2C197000A9809E /* ViewController.m */,
				6FEFD0C31B2C197000A9809E /* Main.storyboard */,
				6FEFD0C91B2C197000A9809E /* Assets.xcassets */,
				6FEFD0CB1B2C197000A9809E /* LaunchScreen.storyboard */,
				6FEFD0CE1B2C197000A9809E /* Info.plist */,
				6FEFD0C61B2C197000A9809E /* Minsk_Transport.xcdatamodeld */,
				6FEFD0BA1B2C197000A9809E /* Supporting Files */,
				6FEFD0F01B2C1AE500A9809E /* ControlPanel.h */,
				6FEFD0F11B2C1AE500A9809E /* ControlPanel.m */,
				6FEFD0F21B2C1AE500A9809E /* ControlPanel.xib */,
			);
			path = "Minsk Transport";
			sourceTree = "<group>";
		};
		6FEFD0BA1B2C197000A9809E /* Supporting Files */ = {
			isa = PBXGroup;
			children = (
				6FEFD0BB1B2C197000A9809E /* main.m */,
			);
			name = "Supporting Files";
			sourceTree = "<group>";
		};
		6FEFD0D61B2C197000A9809E /* Minsk TransportTests */ = {
			isa = PBXGroup;
			children = (
				6FEFD0D71B2C197000A9809E /* Minsk_TransportTests.m */,
				6FEFD0D91B2C197000A9809E /* Info.plist */,
			);
			path = "Minsk TransportTests";
			sourceTree = "<group>";
		};
		6FEFD0E11B2C197000A9809E /* Minsk TransportUITests */ = {
			isa = PBXGroup;
			children = (
				6FEFD0E21B2C197000A9809E /* Minsk_TransportUITests.m */,
				6FEFD0E41B2C197000A9809E /* Info.plist */,
			);
			path = "Minsk TransportUITests";
			sourceTree = "<group>";
		};
		6FEFD0F51B2C1CD400A9809E /* Frameworks */ = {
			isa = PBXGroup;
			children = (
				6FEFD1081B2C1D9000A9809E /* Bolts.framework */,
				6FEFD1091B2C1D9000A9809E /* Parse.framework */,
				6FEFD1061B2C1D3800A9809E /* SystemConfiguration.framework */,
				6FEFD1041B2C1D3000A9809E /* StoreKit.framework */,
				6FEFD1021B2C1D2B00A9809E /* Security.framework */,
				6FEFD1001B2C1D2200A9809E /* QuartzCore.framework */,
				6FEFD0FE1B2C1D1F00A9809E /* MobileCoreServices.framework */,
				6FEFD0FC1B2C1D1900A9809E /* CoreLocation.framework */,
				6FEFD0FA1B2C1D1500A9809E /* CoreGraphics.framework */,
				6FEFD0F81B2C1D1100A9809E /* CFNetwork.framework */,
				6FEFD0F61B2C1D0A00A9809E /* AudioToolbox.framework */,
			);
			name = Frameworks;
			path = "Minsk Transport";
			sourceTree = "<group>";
		};
/* End PBXGroup section */

/* Begin PBXNativeTarget section */
		6FEFD0B61B2C197000A9809E /* Minsk Transport */ = {
			isa = PBXNativeTarget;
			buildConfigurationList = 6FEFD0E71B2C197000A9809E /* Build configuration list for PBXNativeTarget "Minsk Transport" */;
			buildPhases = (
				6FEFD0B31B2C197000A9809E /* Sources */,
				6FEFD0B41B2C197000A9809E /* Frameworks */,
				6FEFD0B51B2C197000A9809E /* Resources */,
			);
			buildRules = (
			);
			dependencies = (
			);
			name = "Minsk Transport";
			productName = "Minsk Transport";
			productReference = 6FEFD0B71B2C197000A9809E /* Minsk Transport.app */;
			productType = "com.apple.product-type.application";
		};
		6FEFD0D21B2C197000A9809E /* Minsk TransportTests */ = {
			isa = PBXNativeTarget;
			buildConfigurationList = 6FEFD0EA1B2C197000A9809E /* Build configuration list for PBXNativeTarget "Minsk TransportTests" */;
			buildPhases = (
				6FEFD0CF1B2C197000A9809E /* Sources */,
				6FEFD0D01B2C197000A9809E /* Frameworks */,
				6FEFD0D11B2C197000A9809E /* Resources */,
			);
			buildRules = (
			);
			dependencies = (
				6FEFD0D51B2C197000A9809E /* PBXTargetDependency */,
			);
			name = "Minsk TransportTests";
			productName = "Minsk TransportTests";
			productReference = 6FEFD0D31B2C197000A9809E /* Minsk TransportTests.xctest */;
			productType = "com.apple.product-type.bundle.unit-test";
		};
		6FEFD0DD1B2C197000A9809E /* Minsk TransportUITests */ = {
			isa = PBXNativeTarget;
			buildConfigurationList = 6FEFD0ED1B2C197000A9809E /* Build configuration list for PBXNativeTarget "Minsk TransportUITests" */;
			buildPhases = (
				6FEFD0DA1B2C197000A9809E /* Sources */,
				6FEFD0DB1B2C197000A9809E /* Frameworks */,
				6FEFD0DC1B2C197000A9809E /* Resources */,
			);
			buildRules = (
			);
			dependencies = (
				6FEFD0E01B2C197000A9809E /* PBXTargetDependency */,
			);
			name = "Minsk TransportUITests";
			productName = "Minsk TransportUITests";
			productReference = 6FEFD0DE1B2C197000A9809E /* Minsk TransportUITests.xctest */;
			productType = "com.apple.product-type.bundle.ui-testing";
		};
/* End PBXNativeTarget section */

/* Begin PBXProject section */
		6FEFD0AF1B2C197000A9809E /* Project object */ = {
			isa = PBXProject;
			attributes = {
				LastUpgradeCheck = 0700;
				ORGANIZATIONNAME = "Minsk Transport";
				TargetAttributes = {
					6FEFD0B61B2C197000A9809E = {
						CreatedOnToolsVersion = 7.0;
					};
					6FEFD0D21B2C197000A9809E = {
						CreatedOnToolsVersion = 7.0;
						TestTargetID = 6FEFD0B61B2C197000A9809E;
					};
					6FEFD0DD1B2C197000A9809E = {
						CreatedOnToolsVersion = 7.0;
						TestTargetID = 6FEFD0B61B2C197000A9809E;
					};
				};
			};
			buildConfigurationList = 6FEFD0B21B2C197000A9809E /* Build configuration list for PBXProject "Minsk Transport" */;
			compatibilityVersion = "Xcode 3.2";
			developmentRegion = English;
			hasScannedForEncodings = 0;
			knownRegions = (
				en,
				Base,
			);
			mainGroup = 6FEFD0AE1B2C197000A9809E;
			productRefGroup = 6FEFD0B81B2C197000A9809E /* Products */;
			projectDirPath = "";
			projectRoot = "";
			targets = (
				6FEFD0B61B2C197000A9809E /* Minsk Transport */,
				6FEFD0D21B2C197000A9809E /* Minsk TransportTests */,
				6FEFD0DD1B2C197000A9809E /* Minsk TransportUITests */,
			);
		};
/* End PBXProject section */

/* Begin PBXResourcesBuildPhase section */
		6FEFD0B51B2C197000A9809E /* Resources */ = {
			isa = PBXResourcesBuildPhase;
			buildActionMask = 2147483647;
			files = (
				6FEFD0CD1B2C197000A9809E /* LaunchScreen.storyboard in Resources */,
				6FEFD0CA1B2C197000A9809E /* Assets.xcassets in Resources */,
				6FEFD0F41B2C1AE500A9809E /* ControlPanel.xib in Resources */,
				6FEFD0C51B2C197000A9809E /* Main.storyboard in Resources */,
			);
			runOnlyForDeploymentPostprocessing = 0;
		};
		6FEFD0D11B2C197000A9809E /* Resources */ = {
			isa = PBXResourcesBuildPhase;
			buildActionMask = 2147483647;
			files = (
			);
			runOnlyForDeploymentPostprocessing = 0;
		};
		6FEFD0DC1B2C197000A9809E /* Resources */ = {
			isa = PBXResourcesBuildPhase;
			buildActionMask = 2147483647;
			files = (
			);
			runOnlyForDeploymentPostprocessing = 0;
		};
/* End PBXResourcesBuildPhase section */

/* Begin PBXSourcesBuildPhase section */
		6FEFD0B31B2C197000A9809E /* Sources */ = {
			isa = PBXSourcesBuildPhase;
			buildActionMask = 2147483647;
			files = (
				6FEFD0C21B2C197000A9809E /* ViewController.m in Sources */,
				6FEFD0BF1B2C197000A9809E /* AppDelegate.m in Sources */,
				6FEFD0F31B2C1AE500A9809E /* ControlPanel.m in Sources */,
				6FEFD0C81B2C197000A9809E /* Minsk_Transport.xcdatamodeld in Sources */,
				6FEFD0BC1B2C197000A9809E /* main.m in Sources */,
			);
			runOnlyForDeploymentPostprocessing = 0;
		};
		6FEFD0CF1B2C197000A9809E /* Sources */ = {
			isa = PBXSourcesBuildPhase;
			buildActionMask = 2147483647;
			files = (
				6FEFD0D81B2C197000A9809E /* Minsk_TransportTests.m in Sources */,
			);
			runOnlyForDeploymentPostprocessing = 0;
		};
		6FEFD0DA1B2C197000A9809E /* Sources */ = {
			isa = PBXSourcesBuildPhase;
			buildActionMask = 2147483647;
			files = (
				6FEFD0E31B2C197000A9809E /* Minsk_TransportUITests.m in Sources */,
			);
			runOnlyForDeploymentPostprocessing = 0;
		};
/* End PBXSourcesBuildPhase section */

/* Begin PBXTargetDependency section */
		6FEFD0D51B2C197000A9809E /* PBXTargetDependency */ = {
			isa = PBXTargetDependency;
			target = 6FEFD0B61B2C197000A9809E /* Minsk Transport */;
			targetProxy = 6FEFD0D41B2C197000A9809E /* PBXContainerItemProxy */;
		};
		6FEFD0E01B2C197000A9809E /* PBXTargetDependency */ = {
			isa = PBXTargetDependency;
			target = 6FEFD0B61B2C197000A9809E /* Minsk Transport */;
			targetProxy = 6FEFD0DF1B2C197000A9809E /* PBXContainerItemProxy */;
		};
/* End PBXTargetDependency section */

/* Begin PBXVariantGroup section */
		6FEFD0C31B2C197000A9809E /* Main.storyboard */ = {
			isa = PBXVariantGroup;
			children = (
				6FEFD0C41B2C197000A9809E /* Base */,
			);
			name = Main.storyboard;
			sourceTree = "<group>";
		};
		6FEFD0CB1B2C197000A9809E /* LaunchScreen.storyboard */ = {
			isa = PBXVariantGroup;
			children = (
				6FEFD0CC1B2C197000A9809E /* Base */,
			);
			name = LaunchScreen.storyboard;
			sourceTree = "<group>";
		};
/* End PBXVariantGroup section */

/* Begin XCBuildConfiguration section */
		6FEFD0E51B2C197000A9809E /* Debug */ = {
			isa = XCBuildConfiguration;
			buildSettings = {
				ALWAYS_SEARCH_USER_PATHS = NO;
				CLANG_CXX_LANGUAGE_STANDARD = "gnu++0x";
				CLANG_CXX_LIBRARY = "libc++";
				CLANG_ENABLE_MODULES = YES;
				CLANG_ENABLE_OBJC_ARC = YES;
				CLANG_WARN_BOOL_CONVERSION = YES;
				CLANG_WARN_CONSTANT_CONVERSION = YES;
				CLANG_WARN_DIRECT_OBJC_ISA_USAGE = YES_ERROR;
				CLANG_WARN_EMPTY_BODY = YES;
				CLANG_WARN_ENUM_CONVERSION = YES;
				CLANG_WARN_INT_CONVERSION = YES;
				CLANG_WARN_OBJC_ROOT_CLASS = YES_ERROR;
				CLANG_WARN_UNREACHABLE_CODE = YES;
				CLANG_WARN__DUPLICATE_METHOD_MATCH = YES;
				"CODE_SIGN_IDENTITY[sdk=iphoneos*]" = "iPhone Developer";
				COPY_PHASE_STRIP = NO;
				DEBUG_INFORMATION_FORMAT = dwarf;
				ENABLE_STRICT_OBJC_MSGSEND = YES;
				ENABLE_TESTABILITY = YES;
				GCC_C_LANGUAGE_STANDARD = gnu99;
				GCC_DYNAMIC_NO_PIC = NO;
				GCC_NO_COMMON_BLOCKS = YES;
				GCC_OPTIMIZATION_LEVEL = 0;
				GCC_PREPROCESSOR_DEFINITIONS = (
					"DEBUG=1",
					"$(inherited)",
				);
				GCC_WARN_64_TO_32_BIT_CONVERSION = YES;
				GCC_WARN_ABOUT_RETURN_TYPE = YES_ERROR;
				GCC_WARN_UNDECLARED_SELECTOR = YES;
				GCC_WARN_UNINITIALIZED_AUTOS = YES_AGGRESSIVE;
				GCC_WARN_UNUSED_FUNCTION = YES;
				GCC_WARN_UNUSED_VARIABLE = YES;
				IPHONEOS_DEPLOYMENT_TARGET = 9.0;
				MTL_ENABLE_DEBUG_INFO = YES;
				ONLY_ACTIVE_ARCH = YES;
				SDKROOT = iphoneos;
				TARGETED_DEVICE_FAMILY = 2;
			};
			name = Debug;
		};
		6FEFD0E61B2C197000A9809E /* Release */ = {
			isa = XCBuildConfiguration;
			buildSettings = {
				ALWAYS_SEARCH_USER_PATHS = NO;
				CLANG_CXX_LANGUAGE_STANDARD = "gnu++0x";
				CLANG_CXX_LIBRARY = "libc++";
				CLANG_ENABLE_MODULES = YES;
				CLANG_ENABLE_OBJC_ARC = YES;
				CLANG_WARN_BOOL_CONVERSION = YES;
				CLANG_WARN_CONSTANT_CONVERSION = YES;
				CLANG_WARN_DIRECT_OBJC_ISA_USAGE = YES_ERROR;
				CLANG_WARN_EMPTY_BODY = YES;
				CLANG_WARN_ENUM_CONVERSION = YES;
				CLANG_WARN_INT_CONVERSION = YES;
				CLANG_WARN_OBJC_ROOT_CLASS = YES_ERROR;
				CLANG_WARN_UNREACHABLE_CODE = YES;
				CLANG_WARN__DUPLICATE_METHOD_MATCH = YES;
				"CODE_SIGN_IDENTITY[sdk=iphoneos*]" = "iPhone Developer";
				COPY_PHASE_STRIP = NO;
				DEBUG_INFORMATION_FORMAT = "dwarf-with-dsym";
				ENABLE_NS_ASSERTIONS = NO;
				ENABLE_STRICT_OBJC_MSGSEND = YES;
				GCC_C_LANGUAGE_STANDARD = gnu99;
				GCC_NO_COMMON_BLOCKS = YES;
				GCC_WARN_64_TO_32_BIT_CONVERSION = YES;
				GCC_WARN_ABOUT_RETURN_TYPE = YES_ERROR;
				GCC_WARN_UNDECLARED_SELECTOR = YES;
				GCC_WARN_UNINITIALIZED_AUTOS = YES_AGGRESSIVE;
				GCC_WARN_UNUSED_FUNCTION = YES;
				GCC_WARN_UNUSED_VARIABLE = YES;
				IPHONEOS_DEPLOYMENT_TARGET = 9.0;
				MTL_ENABLE_DEBUG_INFO = NO;
				SDKROOT = iphoneos;
				TARGETED_DEVICE_FAMILY = 2;
				VALIDATE_PRODUCT = YES;
			};
			name = Release;
		};
		6FEFD0E81B2C197000A9809E /* Debug */ = {
			isa = XCBuildConfiguration;
			buildSettings = {
				ASSETCATALOG_COMPILER_APPICON_NAME = AppIcon;
				INFOPLIST_FILE = "Minsk Transport/Info.plist";
				LD_RUNPATH_SEARCH_PATHS = "$(inherited) @executable_path/Frameworks";
				PRODUCT_BUNDLE_IDENTIFIER = "com.minsk.Minsk-Transport";
				PRODUCT_NAME = "$(TARGET_NAME)";
			};
			name = Debug;
		};
		6FEFD0E91B2C197000A9809E /* Release */ = {
			isa = XCBuildConfiguration;
			buildSettings = {
				ASSETCATALOG_COMPILER_APPICON_NAME = AppIcon;
				INFOPLIST_FILE = "Minsk Transport/Info.plist";
				LD_RUNPATH_SEARCH_PATHS = "$(inherited) @executable_path/Frameworks";
				PRODUCT_BUNDLE_IDENTIFIER = "com.minsk.Minsk-Transport";
				PRODUCT_NAME = "$(TARGET_NAME)";
			};
			name = Release;
		};
		6FEFD0EB1B2C197000A9809E /* Debug */ = {
			isa = XCBuildConfiguration;
			buildSettings = {
				BUNDLE_LOADER = "$(TEST_HOST)";
				INFOPLIST_FILE = "Minsk TransportTests/Info.plist";
				LD_RUNPATH_SEARCH_PATHS = "$(inherited) @executable_path/Frameworks @loader_path/Frameworks";
				PRODUCT_BUNDLE_IDENTIFIER = "com.minsk.Minsk-TransportTests";
				PRODUCT_NAME = "$(TARGET_NAME)";
				TEST_HOST = "$(BUILT_PRODUCTS_DIR)/Minsk Transport.app/Minsk Transport";
			};
			name = Debug;
		};
		6FEFD0EC1B2C197000A9809E /* Release */ = {
			isa = XCBuildConfiguration;
			buildSettings = {
				BUNDLE_LOADER = "$(TEST_HOST)";
				INFOPLIST_FILE = "Minsk TransportTests/Info.plist";
				LD_RUNPATH_SEARCH_PATHS = "$(inherited) @executable_path/Frameworks @loader_path/Frameworks";
				PRODUCT_BUNDLE_IDENTIFIER = "com.minsk.Minsk-TransportTests";
				PRODUCT_NAME = "$(TARGET_NAME)";
				TEST_HOST = "$(BUILT_PRODUCTS_DIR)/Minsk Transport.app/Minsk Transport";
			};
			name = Release;
		};
		6FEFD0EE1B2C197000A9809E /* Debug */ = {
			isa = XCBuildConfiguration;
			buildSettings = {
				INFOPLIST_FILE = "Minsk TransportUITests/Info.plist";
				LD_RUNPATH_SEARCH_PATHS = "$(inherited) @executable_path/Frameworks @loader_path/Frameworks";
				PRODUCT_BUNDLE_IDENTIFIER = "com.minsk.Minsk-TransportUITests";
				PRODUCT_NAME = "$(TARGET_NAME)";
				TEST_TARGET_NAME = "Minsk Transport";
				USES_XCTRUNNER = YES;
			};
			name = Debug;
		};
		6FEFD0EF1B2C197000A9809E /* Release */ = {
			isa = XCBuildConfiguration;
			buildSettings = {
				INFOPLIST_FILE = "Minsk TransportUITests/Info.plist";
				LD_RUNPATH_SEARCH_PATHS = "$(inherited) @executable_path/Frameworks @loader_path/Frameworks";
				PRODUCT_BUNDLE_IDENTIFIER = "com.minsk.Minsk-TransportUITests";
				PRODUCT_NAME = "$(TARGET_NAME)";
				TEST_TARGET_NAME = "Minsk Transport";
				USES_XCTRUNNER = YES;
			};
			name = Release;
		};
/* End XCBuildConfiguration section */

/* Begin XCConfigurationList section */
		6FEFD0B21B2C197000A9809E /* Build configuration list for PBXProject "Minsk Transport" */ = {
			isa = XCConfigurationList;
			buildConfigurations = (
				6FEFD0E51B2C197000A9809E /* Debug */,
				6FEFD0E61B2C197000A9809E /* Release */,
			);
			defaultConfigurationIsVisible = 0;
			defaultConfigurationName = Release;
		};
		6FEFD0E71B2C197000A9809E /* Build configuration list for PBXNativeTarget "Minsk Transport" */ = {
			isa = XCConfigurationList;
			buildConfigurations = (
				6FEFD0E81B2C197000A9809E /* Debug */,
				6FEFD0E91B2C197000A9809E /* Release */,
			);
			defaultConfigurationIsVisible = 0;
		};
		6FEFD0EA1B2C197000A9809E /* Build configuration list for PBXNativeTarget "Minsk TransportTests" */ = {
			isa = XCConfigurationList;
			buildConfigurations = (
				6FEFD0EB1B2C197000A9809E /* Debug */,
				6FEFD0EC1B2C197000A9809E /* Release */,
			);
			defaultConfigurationIsVisible = 0;
		};
		6FEFD0ED1B2C197000A9809E /* Build configuration list for PBXNativeTarget "Minsk TransportUITests" */ = {
			isa = XCConfigurationList;
			buildConfigurations = (
				6FEFD0EE1B2C197000A9809E /* Debug */,
				6FEFD0EF1B2C197000A9809E /* Release */,
			);
			defaultConfigurationIsVisible = 0;
		};
/* End XCConfigurationList section */

/* Begin XCVersionGroup section */
		6FEFD0C61B2C197000A9809E /* Minsk_Transport.xcdatamodeld */ = {
			isa = XCVersionGroup;
			children = (
				6FEFD0C71B2C197000A9809E /* Minsk_Transport.xcdatamodel */,
			);
			currentVersion = 6FEFD0C71B2C197000A9809E /* Minsk_Transport.xcdatamodel */;
			path = Minsk_Transport.xcdatamodeld;
			sourceTree = "<group>";
			versionGroupType = wrapper.xcdatamodel;
		};
/* End XCVersionGroup section */
	};
	rootObject = 6FEFD0AF1B2C197000A9809E /* Project object */;
}
